{
  "name": "playwright_js_web_api_visual_pom",
  "version": "1.0.0",
  "lockfileVersion": 2,
  "requires": true,
  "packages": {
    "": {
      "name": "playwright_js_web_api_visual_pom",
      "version": "1.0.0",
      "license": "ISC",
      "dependencies": {
        "dotenv": "^16.0.3"
      },
      "devDependencies": {
        "@playwright/test": "^1.31.2",
        "allure-playwright": "^2.1.0"
      }
    },
    "node_modules/@playwright/test": {
      "version": "1.31.2",
      "resolved": "https://registry.npmjs.org/@playwright/test/-/test-1.31.2.tgz",
      "integrity": "sha512-BYVutxDI4JeZKV1+ups6dt5WiqKhjBtIYowyZIJ3kBDmJgsuPKsqqKNIMFbUePLSCmp2cZu+BDL427RcNKTRYw==",
      "dev": true,
      "dependencies": {
        "@types/node": "*",
        "playwright-core": "1.31.2"
      },
      "bin": {
        "playwright": "cli.js"
      },
      "engines": {
        "node": ">=14"
      },
      "optionalDependencies": {
        "fsevents": "2.3.2"
      }
    },
    "node_modules/@types/node": {
      "version": "18.14.6",
      "resolved": "https://registry.npmjs.org/@types/node/-/node-18.14.6.tgz",
      "integrity": "sha512-93+VvleD3mXwlLI/xASjw0FzKcwzl3OdTCzm1LaRfqgS21gfFtK3zDXM5Op9TeeMsJVOaJ2VRDpT9q4Y3d0AvA==",
      "dev": true
    },
    "node_modules/allure-js-commons": {
      "version": "2.1.0",
      "resolved": "https://registry.npmjs.org/allure-js-commons/-/allure-js-commons-2.1.0.tgz",
      "integrity": "sha512-EPtyzVXjpWhIGpZd1jBQ9+Ymt+H0fhywkcBSN9eSXOjpmJV8TWGrQximQV5q9XKuNyMmz0PlwvbIn42NC/u2/A==",
      "dev": true,
      "dependencies": {
        "properties": "^1.2.1",
        "uuid": "^8.3.0"
      }
    },
    "node_modules/allure-playwright": {
      "version": "2.1.0",
      "resolved": "https://registry.npmjs.org/allure-playwright/-/allure-playwright-2.1.0.tgz",
      "integrity": "sha512-0dt4Re8Mg5kLDevPuZOJHgYaG7+BKsdHodl8/GRJW5JiU1Vd1xHoyxj4WBb8r7F/AOi6ASjRBbZHofXRF43Tnw==",
      "dev": true,
      "dependencies": {
        "allure-js-commons": "2.1.0"
      }
    },
    "node_modules/dotenv": {
      "version": "16.0.3",
      "resolved": "https://registry.npmjs.org/dotenv/-/dotenv-16.0.3.tgz",
      "integrity": "sha512-7GO6HghkA5fYG9TYnNxi14/7K9f5occMlp3zXAuSxn7CKCxt9xbNWG7yF8hTCSUchlfWSe3uLmlPfigevRItzQ==",
      "engines": {
        "node": ">=12"
      }
    },
    "node_modules/fsevents": {
      "version": "2.3.2",
      "resolved": "https://registry.npmjs.org/fsevents/-/fsevents-2.3.2.tgz",
      "integrity": "sha512-xiqMQR4xAeHTuB9uWm+fFRcIOgKBMiOBP+eXiyT7jsgVCq1bkVygt00oASowB7EdtpOHaaPgKt812P9ab+DDKA==",
      "dev": true,
      "hasInstallScript": true,
      "optional": true,
      "os": [
        "darwin"
      ],
      "engines": {
        "node": "^8.16.0 || ^10.6.0 || >=11.0.0"
      }
    },
    "node_modules/playwright-core": {
      "version": "1.31.2",
      "resolved": "https://registry.npmjs.org/playwright-core/-/playwright-core-1.31.2.tgz",
      "integrity": "sha512-a1dFgCNQw4vCsG7bnojZjDnPewZcw7tZUNFN0ZkcLYKj+mPmXvg4MpaaKZ5SgqPsOmqIf2YsVRkgqiRDxD+fDQ==",
      "dev": true,
      "bin": {
        "playwright": "cli.js"
      },
      "engines": {
        "node": ">=14"
      }
    },
    "node_modules/properties": {
      "version": "1.2.1",
      "resolved": "https://registry.npmjs.org/properties/-/properties-1.2.1.tgz",
      "integrity": "sha512-qYNxyMj1JeW54i/EWEFsM1cVwxJbtgPp8+0Wg9XjNaK6VE/c4oRi6PNu5p7w1mNXEIQIjV5Wwn8v8Gz82/QzdQ==",
      "dev": true,
      "engines": {
        "node": ">=0.10"
      }
    },
    "node_modules/uuid": {
      "version": "8.3.2",
      "resolved": "https://registry.npmjs.org/uuid/-/uuid-8.3.2.tgz",
      "integrity": "sha512-+NYs2QeMWy+GWFOEm9xnn6HCDp0l7QBD7ml8zLUmJ+93Q5NF0NocErnwkTkXVFNiX3/fpC6afS8Dhb/gz7R7eg==",
      "dev": true,
      "bin": {
        "uuid": "dist/bin/uuid"
      }
    }
  },
  "dependencies": {
    "@playwright/test": {
      "version": "1.31.2",
      "resolved": "https://registry.npmjs.org/@playwright/test/-/test-1.31.2.tgz",
      "integrity": "sha512-BYVutxDI4JeZKV1+ups6dt5WiqKhjBtIYowyZIJ3kBDmJgsuPKsqqKNIMFbUePLSCmp2cZu+BDL427RcNKTRYw==",
      "dev": true,
      "requires": {
        "@types/node": "*",
        "fsevents": "2.3.2",
        "playwright-core": "1.31.2"
      }
    },
    "@types/node": {
      "version": "18.14.6",
      "resolved": "https://registry.npmjs.org/@types/node/-/node-18.14.6.tgz",
      "integrity": "sha512-93+VvleD3mXwlLI/xASjw0FzKcwzl3OdTCzm1LaRfqgS21gfFtK3zDXM5Op9TeeMsJVOaJ2VRDpT9q4Y3d0AvA==",
      "dev": true
    },
    "allure-js-commons": {
      "version": "2.1.0",
      "resolved": "https://registry.npmjs.org/allure-js-commons/-/allure-js-commons-2.1.0.tgz",
      "integrity": "sha512-EPtyzVXjpWhIGpZd1jBQ9+Ymt+H0fhywkcBSN9eSXOjpmJV8TWGrQximQV5q9XKuNyMmz0PlwvbIn42NC/u2/A==",
      "dev": true,
      "requires": {
        "properties": "^1.2.1",
        "uuid": "^8.3.0"
      }
    },
    "allure-playwright": {
      "version": "2.1.0",
      "resolved": "https://registry.npmjs.org/allure-playwright/-/allure-playwright-2.1.0.tgz",
      "integrity": "sha512-0dt4Re8Mg5kLDevPuZOJHgYaG7+BKsdHodl8/GRJW5JiU1Vd1xHoyxj4WBb8r7F/AOi6ASjRBbZHofXRF43Tnw==",
      "dev": true,
      "requires": {
        "allure-js-commons": "2.1.0"
      }
    },
    "dotenv": {
      "version": "16.0.3",
      "resolved": "https://registry.npmjs.org/dotenv/-/dotenv-16.0.3.tgz",
      "integrity": "sha512-7GO6HghkA5fYG9TYnNxi14/7K9f5occMlp3zXAuSxn7CKCxt9xbNWG7yF8hTCSUchlfWSe3uLmlPfigevRItzQ=="
    },
    "fsevents": {
      "version": "2.3.2",
      "resolved": "https://registry.npmjs.org/fsevents/-/fsevents-2.3.2.tgz",
      "integrity": "sha512-xiqMQR4xAeHTuB9uWm+fFRcIOgKBMiOBP+eXiyT7jsgVCq1bkVygt00oASowB7EdtpOHaaPgKt812P9ab+DDKA==",
      "dev": true,
      "optional": true
    },
    "playwright-core": {
      "version": "1.31.2",
      "resolved": "https://registry.npmjs.org/playwright-core/-/playwright-core-1.31.2.tgz",
      "integrity": "sha512-a1dFgCNQw4vCsG7bnojZjDnPewZcw7tZUNFN0ZkcLYKj+mPmXvg4MpaaKZ5SgqPsOmqIf2YsVRkgqiRDxD+fDQ==",
      "dev": true
    },
    "properties": {
      "version": "1.2.1",
      "resolved": "https://registry.npmjs.org/properties/-/properties-1.2.1.tgz",
      "integrity": "sha512-qYNxyMj1JeW54i/EWEFsM1cVwxJbtgPp8+0Wg9XjNaK6VE/c4oRi6PNu5p7w1mNXEIQIjV5Wwn8v8Gz82/QzdQ==",
      "dev": true
    },
    "uuid": {
      "version": "8.3.2",
      "resolved": "https://registry.npmjs.org/uuid/-/uuid-8.3.2.tgz",
      "integrity": "sha512-+NYs2QeMWy+GWFOEm9xnn6HCDp0l7QBD7ml8zLUmJ+93Q5NF0NocErnwkTkXVFNiX3/fpC6afS8Dhb/gz7R7eg==",
      "dev": true
    }
  }
}
